// !$*UTF8*$!
{
	archiveVersion = 1;
	classes = {
	};
	objectVersion = 50;
	objects = {

/* Begin PBXBuildFile section */
		AC412AF7219B0B3600DD661F /* Alert.framework in Frameworks */ = {isa = PBXBuildFile; fileRef = AC412AED219B0B3600DD661F /* Alert.framework */; };
		AC412AFC219B0B3600DD661F /* AlertTests.swift in Sources */ = {isa = PBXBuildFile; fileRef = AC412AFB219B0B3600DD661F /* AlertTests.swift */; };
		AC412AFE219B0B3600DD661F /* Alert.h in Headers */ = {isa = PBXBuildFile; fileRef = AC412AF0219B0B3600DD661F /* Alert.h */; settings = {ATTRIBUTES = (Public, ); }; };
		AC412B09219B0B7100DD661F /* Alert.swift in Sources */ = {isa = PBXBuildFile; fileRef = AC412B08219B0B7100DD661F /* Alert.swift */; };
/* End PBXBuildFile section */

/* Begin PBXContainerItemProxy section */
		AC412AF8219B0B3600DD661F /* PBXContainerItemProxy */ = {
			isa = PBXContainerItemProxy;
			containerPortal = AC412AE4219B0B3500DD661F /* Project object */;
			proxyType = 1;
			remoteGlobalIDString = AC412AEC219B0B3500DD661F;
			remoteInfo = Alert;
		};
/* End PBXContainerItemProxy section */

/* Begin PBXFileReference section */
		AC412AED219B0B3600DD661F /* Alert.framework */ = {isa = PBXFileReference; explicitFileType = wrapper.framework; includeInIndex = 0; path = Alert.framework; sourceTree = BUILT_PRODUCTS_DIR; };
		AC412AF0219B0B3600DD661F /* Alert.h */ = {isa = PBXFileReference; lastKnownFileType = sourcecode.c.h; path = Alert.h; sourceTree = "<group>"; };
		AC412AF1219B0B3600DD661F /* Info.plist */ = {isa = PBXFileReference; lastKnownFileType = text.plist.xml; path = Info.plist; sourceTree = "<group>"; };
		AC412AF6219B0B3600DD661F /* AlertTests.xctest */ = {isa = PBXFileReference; explicitFileType = wrapper.cfbundle; includeInIndex = 0; path = AlertTests.xctest; sourceTree = BUILT_PRODUCTS_DIR; };
		AC412AFB219B0B3600DD661F /* AlertTests.swift */ = {isa = PBXFileReference; lastKnownFileType = sourcecode.swift; path = AlertTests.swift; sourceTree = "<group>"; };
		AC412AFD219B0B3600DD661F /* Info.plist */ = {isa = PBXFileReference; lastKnownFileType = text.plist.xml; path = Info.plist; sourceTree = "<group>"; };
		AC412B08219B0B7100DD661F /* Alert.swift */ = {isa = PBXFileReference; lastKnownFileType = sourcecode.swift; path = Alert.swift; sourceTree = "<group>"; };
/* End PBXFileReference section */

/* Begin PBXFrameworksBuildPhase section */
		AC412AEA219B0B3500DD661F /* Frameworks */ = {
			isa = PBXFrameworksBuildPhase;
			buildActionMask = 2147483647;
			files = (
			);
			runOnlyForDeploymentPostprocessing = 0;
		};
		AC412AF3219B0B3600DD661F /* Frameworks */ = {
			isa = PBXFrameworksBuildPhase;
			buildActionMask = 2147483647;
			files = (
				AC412AF7219B0B3600DD661F /* Alert.framework in Frameworks */,
			);
			runOnlyForDeploymentPostprocessing = 0;
		};
/* End PBXFrameworksBuildPhase section */

/* Begin PBXGroup section */
		AC412AE3219B0B3500DD661F = {
			isa = PBXGroup;
			children = (
				AC412AEF219B0B3600DD661F /* Alert */,
				AC412AFA219B0B3600DD661F /* AlertTests */,
				AC412AEE219B0B3600DD661F /* Products */,
			);
			sourceTree = "<group>";
		};
		AC412AEE219B0B3600DD661F /* Products */ = {
			isa = PBXGroup;
			children = (
				AC412AED219B0B3600DD661F /* Alert.framework */,
				AC412AF6219B0B3600DD661F /* AlertTests.xctest */,
			);
			name = Products;
			sourceTree = "<group>";
		};
		AC412AEF219B0B3600DD661F /* Alert */ = {
			isa = PBXGroup;
			children = (
				AC412AF0219B0B3600DD661F /* Alert.h */,
				AC412AF1219B0B3600DD661F /* Info.plist */,
				AC412B07219B0B5A00DD661F /* Source */,
			);
			path = Alert;
			sourceTree = "<group>";
		};
		AC412AFA219B0B3600DD661F /* AlertTests */ = {
			isa = PBXGroup;
			children = (
				AC412AFB219B0B3600DD661F /* AlertTests.swift */,
				AC412AFD219B0B3600DD661F /* Info.plist */,
			);
			path = AlertTests;
			sourceTree = "<group>";
		};
		AC412B07219B0B5A00DD661F /* Source */ = {
			isa = PBXGroup;
			children = (
				AC412B08219B0B7100DD661F /* Alert.swift */,
			);
			path = Source;
			sourceTree = "<group>";
		};
/* End PBXGroup section */

/* Begin PBXHeadersBuildPhase section */
		AC412AE8219B0B3500DD661F /* Headers */ = {
			isa = PBXHeadersBuildPhase;
			buildActionMask = 2147483647;
			files = (
				AC412AFE219B0B3600DD661F /* Alert.h in Headers */,
			);
			runOnlyForDeploymentPostprocessing = 0;
		};
/* End PBXHeadersBuildPhase section */

/* Begin PBXNativeTarget section */
		AC412AEC219B0B3500DD661F /* Alert */ = {
			isa = PBXNativeTarget;
			buildConfigurationList = AC412B01219B0B3600DD661F /* Build configuration list for PBXNativeTarget "Alert" */;
			buildPhases = (
				AC412AE8219B0B3500DD661F /* Headers */,
				AC412AE9219B0B3500DD661F /* Sources */,
				AC412AEA219B0B3500DD661F /* Frameworks */,
				AC412AEB219B0B3500DD661F /* Resources */,
			);
			buildRules = (
			);
			dependencies = (
			);
			name = Alert;
			productName = Alert;
			productReference = AC412AED219B0B3600DD661F /* Alert.framework */;
			productType = "com.apple.product-type.framework";
		};
		AC412AF5219B0B3600DD661F /* AlertTests */ = {
			isa = PBXNativeTarget;
			buildConfigurationList = AC412B04219B0B3600DD661F /* Build configuration list for PBXNativeTarget "AlertTests" */;
			buildPhases = (
				AC412AF2219B0B3600DD661F /* Sources */,
				AC412AF3219B0B3600DD661F /* Frameworks */,
				AC412AF4219B0B3600DD661F /* Resources */,
			);
			buildRules = (
			);
			dependencies = (
				AC412AF9219B0B3600DD661F /* PBXTargetDependency */,
			);
			name = AlertTests;
			productName = AlertTests;
			productReference = AC412AF6219B0B3600DD661F /* AlertTests.xctest */;
			productType = "com.apple.product-type.bundle.unit-test";
		};
/* End PBXNativeTarget section */

/* Begin PBXProject section */
		AC412AE4219B0B3500DD661F /* Project object */ = {
			isa = PBXProject;
			attributes = {
				LastSwiftUpdateCheck = 1010;
				LastUpgradeCheck = 1010;
				ORGANIZATIONNAME = "Tong Tian";
				TargetAttributes = {
					AC412AEC219B0B3500DD661F = {
						CreatedOnToolsVersion = 10.1;
						LastSwiftMigration = 1010;
					};
					AC412AF5219B0B3600DD661F = {
						CreatedOnToolsVersion = 10.1;
					};
				};
			};
			buildConfigurationList = AC412AE7219B0B3500DD661F /* Build configuration list for PBXProject "Alert" */;
			compatibilityVersion = "Xcode 9.3";
			developmentRegion = en;
			hasScannedForEncodings = 0;
			knownRegions = (
				en,
			);
			mainGroup = AC412AE3219B0B3500DD661F;
			productRefGroup = AC412AEE219B0B3600DD661F /* Products */;
			projectDirPath = "";
			projectRoot = "";
			targets = (
				AC412AEC219B0B3500DD661F /* Alert */,
				AC412AF5219B0B3600DD661F /* AlertTests */,
			);
		};
/* End PBXProject section */

/* Begin PBXResourcesBuildPhase section */
		AC412AEB219B0B3500DD661F /* Resources */ = {
			isa = PBXResourcesBuildPhase;
			buildActionMask = 2147483647;
			files = (
			);
			runOnlyForDeploymentPostprocessing = 0;
		};
		AC412AF4219B0B3600DD661F /* Resources */ = {
			isa = PBXResourcesBuildPhase;
			buildActionMask = 2147483647;
			files = (
			);
			runOnlyForDeploymentPostprocessing = 0;
		};
/* End PBXResourcesBuildPhase section */

/* Begin PBXSourcesBuildPhase section */
		AC412AE9219B0B3500DD661F /* Sources */ = {
			isa = PBXSourcesBuildPhase;
			buildActionMask = 2147483647;
			files = (
				AC412B09219B0B7100DD661F /* Alert.swift in Sources */,
			);
			runOnlyForDeploymentPostprocessing = 0;
		};
		AC412AF2219B0B3600DD661F /* Sources */ = {
			isa = PBXSourcesBuildPhase;
			buildActionMask = 2147483647;
			files = (
				AC412AFC219B0B3600DD661F /* AlertTests.swift in Sources */,
			);
			runOnlyForDeploymentPostprocessing = 0;
		};
/* End PBXSourcesBuildPhase section */

/* Begin PBXTargetDependency section */
		AC412AF9219B0B3600DD661F /* PBXTargetDependency */ = {
			isa = PBXTargetDependency;
			target = AC412AEC219B0B3500DD661F /* Alert */;
			targetProxy = AC412AF8219B0B3600DD661F /* PBXContainerItemProxy */;
		};
/* End PBXTargetDependency section */

/* Begin XCBuildConfiguration section */
		AC412AFF219B0B3600DD661F /* Debug */ = {
			isa = XCBuildConfiguration;
			buildSettings = {
				ALWAYS_SEARCH_USER_PATHS = NO;
				CLANG_ANALYZER_NONNULL = YES;
				CLANG_ANALYZER_NUMBER_OBJECT_CONVERSION = YES_AGGRESSIVE;
				CLANG_CXX_LANGUAGE_STANDARD = "gnu++14";
				CLANG_CXX_LIBRARY = "libc++";
				CLANG_ENABLE_MODULES = YES;
				CLANG_ENABLE_OBJC_ARC = YES;
				CLANG_ENABLE_OBJC_WEAK = YES;
				CLANG_WARN_BLOCK_CAPTURE_AUTORELEASING = YES;
				CLANG_WARN_BOOL_CONVERSION = YES;
				CLANG_WARN_COMMA = YES;
				CLANG_WARN_CONSTANT_CONVERSION = YES;
				CLANG_WARN_DEPRECATED_OBJC_IMPLEMENTATIONS = YES;
				CLANG_WARN_DIRECT_OBJC_ISA_USAGE = YES_ERROR;
				CLANG_WARN_DOCUMENTATION_COMMENTS = YES;
				CLANG_WARN_EMPTY_BODY = YES;
				CLANG_WARN_ENUM_CONVERSION = YES;
				CLANG_WARN_INFINITE_RECURSION = YES;
				CLANG_WARN_INT_CONVERSION = YES;
				CLANG_WARN_NON_LITERAL_NULL_CONVERSION = YES;
				CLANG_WARN_OBJC_IMPLICIT_RETAIN_SELF = YES;
				CLANG_WARN_OBJC_LITERAL_CONVERSION = YES;
				CLANG_WARN_OBJC_ROOT_CLASS = YES_ERROR;
				CLANG_WARN_RANGE_LOOP_ANALYSIS = YES;
				CLANG_WARN_STRICT_PROTOTYPES = YES;
				CLANG_WARN_SUSPICIOUS_MOVE = YES;
				CLANG_WARN_UNGUARDED_AVAILABILITY = YES_AGGRESSIVE;
				CLANG_WARN_UNREACHABLE_CODE = YES;
				CLANG_WARN__DUPLICATE_METHOD_MATCH = YES;
				CODE_SIGN_IDENTITY = "iPhone Developer";
				COPY_PHASE_STRIP = NO;
				CURRENT_PROJECT_VERSION = 1;
				DEBUG_INFORMATION_FORMAT = dwarf;
				ENABLE_STRICT_OBJC_MSGSEND = YES;
				ENABLE_TESTABILITY = YES;
				GCC_C_LANGUAGE_STANDARD = gnu11;
				GCC_DYNAMIC_NO_PIC = NO;
				GCC_NO_COMMON_BLOCKS = YES;
				GCC_OPTIMIZATION_LEVEL = 0;
				GCC_PREPROCESSOR_DEFINITIONS = (
					"DEBUG=1",
					"$(inherited)",
				);
				GCC_WARN_64_TO_32_BIT_CONVERSION = YES;
				GCC_WARN_ABOUT_RETURN_TYPE = YES_ERROR;
				GCC_WARN_UNDECLARED_SELECTOR = YES;
				GCC_WARN_UNINITIALIZED_AUTOS = YES_AGGRESSIVE;
				GCC_WARN_UNUSED_FUNCTION = YES;
				GCC_WARN_UNUSED_VARIABLE = YES;
				IPHONEOS_DEPLOYMENT_TARGET = 12.1;
				MTL_ENABLE_DEBUG_INFO = INCLUDE_SOURCE;
				MTL_FAST_MATH = YES;
				ONLY_ACTIVE_ARCH = YES;
				SDKROOT = iphoneos;
				SWIFT_ACTIVE_COMPILATION_CONDITIONS = DEBUG;
				SWIFT_OPTIMIZATION_LEVEL = "-Onone";
				VERSIONING_SYSTEM = "apple-generic";
				VERSION_INFO_PREFIX = "";
			};
			name = Debug;
		};
		AC412B00219B0B3600DD661F /* Release */ = {
			isa = XCBuildConfiguration;
			buildSettings = {
				ALWAYS_SEARCH_USER_PATHS = NO;
				CLANG_ANALYZER_NONNULL = YES;
				CLANG_ANALYZER_NUMBER_OBJECT_CONVERSION = YES_AGGRESSIVE;
				CLANG_CXX_LANGUAGE_STANDARD = "gnu++14";
				CLANG_CXX_LIBRARY = "libc++";
				CLANG_ENABLE_MODULES = YES;
				CLANG_ENABLE_OBJC_ARC = YES;
				CLANG_ENABLE_OBJC_WEAK = YES;
				CLANG_WARN_BLOCK_CAPTURE_AUTORELEASING = YES;
				CLANG_WARN_BOOL_CONVERSION = YES;
				CLANG_WARN_COMMA = YES;
				CLANG_WARN_CONSTANT_CONVERSION = YES;
				CLANG_WARN_DEPRECATED_OBJC_IMPLEMENTATIONS = YES;
				CLANG_WARN_DIRECT_OBJC_ISA_USAGE = YES_ERROR;
				CLANG_WARN_DOCUMENTATION_COMMENTS = YES;
				CLANG_WARN_EMPTY_BODY = YES;
				CLANG_WARN_ENUM_CONVERSION = YES;
				CLANG_WARN_INFINITE_RECURSION = YES;
				CLANG_WARN_INT_CONVERSION = YES;
				CLANG_WARN_NON_LITERAL_NULL_CONVERSION = YES;
				CLANG_WARN_OBJC_IMPLICIT_RETAIN_SELF = YES;
				CLANG_WARN_OBJC_LITERAL_CONVERSION = YES;
				CLANG_WARN_OBJC_ROOT_CLASS = YES_ERROR;
				CLANG_WARN_RANGE_LOOP_ANALYSIS = YES;
				CLANG_WARN_STRICT_PROTOTYPES = YES;
				CLANG_WARN_SUSPICIOUS_MOVE = YES;
				CLANG_WARN_UNGUARDED_AVAILABILITY = YES_AGGRESSIVE;
				CLANG_WARN_UNREACHABLE_CODE = YES;
				CLANG_WARN__DUPLICATE_METHOD_MATCH = YES;
				CODE_SIGN_IDENTITY = "iPhone Developer";
				COPY_PHASE_STRIP = NO;
				CURRENT_PROJECT_VERSION = 1;
				DEBUG_INFORMATION_FORMAT = "dwarf-with-dsym";
				ENABLE_NS_ASSERTIONS = NO;
				ENABLE_STRICT_OBJC_MSGSEND = YES;
				GCC_C_LANGUAGE_STANDARD = gnu11;
				GCC_NO_COMMON_BLOCKS = YES;
				GCC_WARN_64_TO_32_BIT_CONVERSION = YES;
				GCC_WARN_ABOUT_RETURN_TYPE = YES_ERROR;
				GCC_WARN_UNDECLARED_SELECTOR = YES;
				GCC_WARN_UNINITIALIZED_AUTOS = YES_AGGRESSIVE;
				GCC_WARN_UNUSED_FUNCTION = YES;
				GCC_WARN_UNUSED_VARIABLE = YES;
				IPHONEOS_DEPLOYMENT_TARGET = 12.1;
				MTL_ENABLE_DEBUG_INFO = NO;
				MTL_FAST_MATH = YES;
				SDKROOT = iphoneos;
				SWIFT_COMPILATION_MODE = wholemodule;
				SWIFT_OPTIMIZATION_LEVEL = "-O";
				VALIDATE_PRODUCT = YES;
				VERSIONING_SYSTEM = "apple-generic";
				VERSION_INFO_PREFIX = "";
			};
			name = Release;
		};
		AC412B02219B0B3600DD661F /* Debug */ = {
			isa = XCBuildConfiguration;
			buildSettings = {
				CLANG_ENABLE_MODULES = YES;
				CODE_SIGN_IDENTITY = "";
				CODE_SIGN_STYLE = Automatic;
				DEFINES_MODULE = YES;
				DYLIB_COMPATIBILITY_VERSION = 1;
				DYLIB_CURRENT_VERSION = 1;
				DYLIB_INSTALL_NAME_BASE = "@rpath";
				INFOPLIST_FILE = Alert/Info.plist;
				INSTALL_PATH = "$(LOCAL_LIBRARY_DIR)/Frameworks";
				LD_RUNPATH_SEARCH_PATHS = (
					"$(inherited)",
					"@executable_path/Frameworks",
					"@loader_path/Frameworks",
				);
				PRODUCT_BUNDLE_IDENTIFIER = com.aggwin.Alert;
				PRODUCT_NAME = "$(TARGET_NAME:c99extidentifier)";
				SKIP_INSTALL = YES;
				SWIFT_OPTIMIZATION_LEVEL = "-Onone";
				SWIFT_VERSION = 4.2;
				TARGETED_DEVICE_FAMILY = "1,2";
			};
			name = Debug;
		};
		AC412B03219B0B3600DD661F /* Release */ = {
			isa = XCBuildConfiguration;
			buildSettings = {
				CLANG_ENABLE_MODULES = YES;
				CODE_SIGN_IDENTITY = "";
				CODE_SIGN_STYLE = Automatic;
				DEFINES_MODULE = YES;
				DYLIB_COMPATIBILITY_VERSION = 1;
				DYLIB_CURRENT_VERSION = 1;
				DYLIB_INSTALL_NAME_BASE = "@rpath";
				INFOPLIST_FILE = Alert/Info.plist;
				INSTALL_PATH = "$(LOCAL_LIBRARY_DIR)/Frameworks";
				LD_RUNPATH_SEARCH_PATHS = (
					"$(inherited)",
					"@executable_path/Frameworks",
					"@loader_path/Frameworks",
				);
				PRODUCT_BUNDLE_IDENTIFIER = com.aggwin.Alert;
				PRODUCT_NAME = "$(TARGET_NAME:c99extidentifier)";
				SKIP_INSTALL = YES;
				SWIFT_VERSION = 4.2;
				TARGETED_DEVICE_FAMILY = "1,2";
			};
			name = Release;
		};
		AC412B05219B0B3600DD661F /* Debug */ = {
			isa = XCBuildConfiguration;
			buildSettings = {
				ALWAYS_EMBED_SWIFT_STANDARD_LIBRARIES = YES;
				CODE_SIGN_STYLE = Automatic;
				INFOPLIST_FILE = AlertTests/Info.plist;
				LD_RUNPATH_SEARCH_PATHS = (
					"$(inherited)",
					"@executable_path/Frameworks",
					"@loader_path/Frameworks",
				);
				PRODUCT_BUNDLE_IDENTIFIER = com.aggwin.AlertTests;
				PRODUCT_NAME = "$(TARGET_NAME)";
				SWIFT_VERSION = 4.2;
				TARGETED_DEVICE_FAMILY = "1,2";
			};
			name = Debug;
		};
		AC412B06219B0B3600DD661F /* Release */ = {
			isa = XCBuildConfiguration;
			buildSettings = {
				ALWAYS_EMBED_SWIFT_STANDARD_LIBRARIES = YES;
				CODE_SIGN_STYLE = Automatic;
				INFOPLIST_FILE = AlertTests/Info.plist;
				LD_RUNPATH_SEARCH_PATHS = (
					"$(inherited)",
					"@executable_path/Frameworks",
					"@loader_path/Frameworks",
				);
				PRODUCT_BUNDLE_IDENTIFIER = com.aggwin.AlertTests;
				PRODUCT_NAME = "$(TARGET_NAME)";
				SWIFT_VERSION = 4.2;
				TARGETED_DEVICE_FAMILY = "1,2";
			};
			name = Release;
		};
/* End XCBuildConfiguration section */

/* Begin XCConfigurationList section */
		AC412AE7219B0B3500DD661F /* Build configuration list for PBXProject "Alert" */ = {
			isa = XCConfigurationList;
			buildConfigurations = (
				AC412AFF219B0B3600DD661F /* Debug */,
				AC412B00219B0B3600DD661F /* Release */,
			);
			defaultConfigurationIsVisible = 0;
			defaultConfigurationName = Release;
		};
		AC412B01219B0B3600DD661F /* Build configuration list for PBXNativeTarget "Alert" */ = {
			isa = XCConfigurationList;
			buildConfigurations = (
				AC412B02219B0B3600DD661F /* Debug */,
				AC412B03219B0B3600DD661F /* Release */,
			);
			defaultConfigurationIsVisible = 0;
			defaultConfigurationName = Release;
		};
		AC412B04219B0B3600DD661F /* Build configuration list for PBXNativeTarget "AlertTests" */ = {
			isa = XCConfigurationList;
			buildConfigurations = (
				AC412B05219B0B3600DD661F /* Debug */,
				AC412B06219B0B3600DD661F /* Release */,
			);
			defaultConfigurationIsVisible = 0;
			defaultConfigurationName = Release;
		};
/* End XCConfigurationList section */
	};
	rootObject = AC412AE4219B0B3500DD661F /* Project object */;
}
